
Microsoft Visual Studio Solution File, Format Version 12.00
# Visual Studio Version 16
VisualStudioVersion = 16.0.30114.105
MinimumVisualStudioVersion = 10.0.40219.1
Project("{FAE04EC0-301F-11D3-BF4B-00C04F79EFBC}") = "API", "API\API.csproj", "{D61ABFE1-0D43-4060-A65D-601493F49C18}"
EndProject
Project("{FAE04EC0-301F-11D3-BF4B-00C04F79EFBC}") = "Core", "Core\Core.csproj", "{4D17B9C6-4C9B-440C-AD41-D366851A22B1}"
EndProject
Project("{FAE04EC0-301F-11D3-BF4B-00C04F79EFBC}") = "Infrastructure", "Infrastructure\Infrastructure.csproj", "{34291A1C-F133-49A1-AF33-08E0196050ED}"
EndProject
Global
	GlobalSection(SolutionConfigurationPlatforms) = preSolution
		Debug|Any CPU = Debug|Any CPU
		Debug|x64 = Debug|x64
		Debug|x86 = Debug|x86
		Release|Any CPU = Release|Any CPU
		Release|x64 = Release|x64
		Release|x86 = Release|x86
	EndGlobalSection
	GlobalSection(SolutionProperties) = preSolution
		HideSolutionNode = FALSE
	EndGlobalSection
	GlobalSection(ProjectConfigurationPlatforms) = postSolution
		{D61ABFE1-0D43-4060-A65D-601493F49C18}.Debug|Any CPU.ActiveCfg = Debug|Any CPU
		{D61ABFE1-0D43-4060-A65D-601493F49C18}.Debug|Any CPU.Build.0 = Debug|Any CPU
		{D61ABFE1-0D43-4060-A65D-601493F49C18}.Debug|x64.ActiveCfg = Debug|Any CPU
		{D61ABFE1-0D43-4060-A65D-601493F49C18}.Debug|x64.Build.0 = Debug|Any CPU
		{D61ABFE1-0D43-4060-A65D-601493F49C18}.Debug|x86.ActiveCfg = Debug|Any CPU
		{D61ABFE1-0D43-4060-A65D-601493F49C18}.Debug|x86.Build.0 = Debug|Any CPU
		{D61ABFE1-0D43-4060-A65D-601493F49C18}.Release|Any CPU.ActiveCfg = Release|Any CPU
		{D61ABFE1-0D43-4060-A65D-601493F49C18}.Release|Any CPU.Build.0 = Release|Any CPU
		{D61ABFE1-0D43-4060-A65D-601493F49C18}.Release|x64.ActiveCfg = Release|Any CPU
		{D61ABFE1-0D43-4060-A65D-601493F49C18}.Release|x64.Build.0 = Release|Any CPU
		{D61ABFE1-0D43-4060-A65D-601493F49C18}.Release|x86.ActiveCfg = Release|Any CPU
		{D61ABFE1-0D43-4060-A65D-601493F49C18}.Release|x86.Build.0 = Release|Any CPU
		{4D17B9C6-4C9B-440C-AD41-D366851A22B1}.Debug|Any CPU.ActiveCfg = Debug|Any CPU
		{4D17B9C6-4C9B-440C-AD41-D366851A22B1}.Debug|Any CPU.Build.0 = Debug|Any CPU
		{4D17B9C6-4C9B-440C-AD41-D366851A22B1}.Debug|x64.ActiveCfg = Debug|Any CPU
		{4D17B9C6-4C9B-440C-AD41-D366851A22B1}.Debug|x64.Build.0 = Debug|Any CPU
		{4D17B9C6-4C9B-440C-AD41-D366851A22B1}.Debug|x86.ActiveCfg = Debug|Any CPU
		{4D17B9C6-4C9B-440C-AD41-D366851A22B1}.Debug|x86.Build.0 = Debug|Any CPU
		{4D17B9C6-4C9B-440C-AD41-D366851A22B1}.Release|Any CPU.ActiveCfg = Release|Any CPU
		{4D17B9C6-4C9B-440C-AD41-D366851A22B1}.Release|Any CPU.Build.0 = Release|Any CPU
		{4D17B9C6-4C9B-440C-AD41-D366851A22B1}.Release|x64.ActiveCfg = Release|Any CPU
		{4D17B9C6-4C9B-440C-AD41-D366851A22B1}.Release|x64.Build.0 = Release|Any CPU
		{4D17B9C6-4C9B-440C-AD41-D366851A22B1}.Release|x86.ActiveCfg = Release|Any CPU
		{4D17B9C6-4C9B-440C-AD41-D366851A22B1}.Release|x86.Build.0 = Release|Any CPU
		{34291A1C-F133-49A1-AF33-08E0196050ED}.Debug|Any CPU.ActiveCfg = Debug|Any CPU
		{34291A1C-F133-49A1-AF33-08E0196050ED}.Debug|Any CPU.Build.0 = Debug|Any CPU
		{34291A1C-F133-49A1-AF33-08E0196050ED}.Debug|x64.ActiveCfg = Debug|Any CPU
		{34291A1C-F133-49A1-AF33-08E0196050ED}.Debug|x64.Build.0 = Debug|Any CPU
		{34291A1C-F133-49A1-AF33-08E0196050ED}.Debug|x86.ActiveCfg = Debug|Any CPU
		{34291A1C-F133-49A1-AF33-08E0196050ED}.Debug|x86.Build.0 = Debug|Any CPU
		{34291A1C-F133-49A1-AF33-08E0196050ED}.Release|Any CPU.ActiveCfg = Release|Any CPU
		{34291A1C-F133-49A1-AF33-08E0196050ED}.Release|Any CPU.Build.0 = Release|Any CPU
		{34291A1C-F133-49A1-AF33-08E0196050ED}.Release|x64.ActiveCfg = Release|Any CPU
		{34291A1C-F133-49A1-AF33-08E0196050ED}.Release|x64.Build.0 = Release|Any CPU
		{34291A1C-F133-49A1-AF33-08E0196050ED}.Release|x86.ActiveCfg = Release|Any CPU
		{34291A1C-F133-49A1-AF33-08E0196050ED}.Release|x86.Build.0 = Release|Any CPU
	EndGlobalSection
EndGlobal
